
Microsoft Visual Studio Solution File, Format Version 12.00
# Visual Studio 2013
VisualStudioVersion = 12.0.40629.0
MinimumVisualStudioVersion = 10.0.40219.1
Project("{FAE04EC0-301F-11D3-BF4B-00C04F79EFBC}") = "ConsoleWithNancy", "ConsoleWithNancy\ConsoleWithNancy.csproj", "{0AE7CFC1-534D-4D66-B8C6-356FFC12EB4F}"
EndProject
Project("{FAE04EC0-301F-11D3-BF4B-00C04F79EFBC}") = "ConsoleWithNancy.Modules", "ConsoleWithNancy.Modules\ConsoleWithNancy.Modules.csproj", "{849ADE23-1C89-4BD2-9A1D-96C16429E4F8}"
EndProject
Global
	GlobalSection(SolutionConfigurationPlatforms) = preSolution
		Debug|Any CPU = Debug|Any CPU
		Release|Any CPU = Release|Any CPU
	EndGlobalSection
	GlobalSection(ProjectConfigurationPlatforms) = postSolution
		{0AE7CFC1-534D-4D66-B8C6-356FFC12EB4F}.Debug|Any CPU.ActiveCfg = Debug|Any CPU
		{0AE7CFC1-534D-4D66-B8C6-356FFC12EB4F}.Debug|Any CPU.Build.0 = Debug|Any CPU
		{0AE7CFC1-534D-4D66-B8C6-356FFC12EB4F}.Release|Any CPU.ActiveCfg = Release|Any CPU
		{0AE7CFC1-534D-4D66-B8C6-356FFC12EB4F}.Release|Any CPU.Build.0 = Release|Any CPU
		{849ADE23-1C89-4BD2-9A1D-96C16429E4F8}.Debug|Any CPU.ActiveCfg = Debug|Any CPU
		{849ADE23-1C89-4BD2-9A1D-96C16429E4F8}.Debug|Any CPU.Build.0 = Debug|Any CPU
		{849ADE23-1C89-4BD2-9A1D-96C16429E4F8}.Release|Any CPU.ActiveCfg = Release|Any CPU
		{849ADE23-1C89-4BD2-9A1D-96C16429E4F8}.Release|Any CPU.Build.0 = Release|Any CPU
	EndGlobalSection
	GlobalSection(SolutionProperties) = preSolution
		HideSolutionNode = FALSE
	EndGlobalSection
EndGlobal
